
Microsoft Visual Studio Solution File, Format Version 11.00
# Visual Studio 2010
Project("{FAE04EC0-301F-11D3-BF4B-00C04F79EFBC}") = "FileSearch", "FileSearch\FileSearch.csproj", "{0625CB89-CC2C-45CE-8862-ECDD4A07B09E}"
EndProject
Project("{FAE04EC0-301F-11D3-BF4B-00C04F79EFBC}") = "Lib", "Lib\Lib.csproj", "{58B4D7A7-3156-4FBF-8D31-ADF59D5CE7AC}"
EndProject
Project("{FAE04EC0-301F-11D3-BF4B-00C04F79EFBC}") = "LineSearch", "LineSearch\LineSearch.csproj", "{A7ECFA3F-CE73-4870-8ADB-E424141E3044}"
EndProject
Project("{FAE04EC0-301F-11D3-BF4B-00C04F79EFBC}") = "LineSearchExec", "LineSearchExec\LineSearchExec.csproj", "{29F8A69F-A7AA-4EFB-AFF4-5049448735D2}"
EndProject
Project("{FAE04EC0-301F-11D3-BF4B-00C04F79EFBC}") = "Strings", "Strings\Strings.csproj", "{A85E912F-320D-40CF-A0A1-430266B124F4}"
EndProject
Project("{FAE04EC0-301F-11D3-BF4B-00C04F79EFBC}") = "Lines", "Lines\Lines.csproj", "{91D02029-F4FF-4D84-B953-14ECD4FC02D7}"
EndProject
Project("{FAE04EC0-301F-11D3-BF4B-00C04F79EFBC}") = "ConsoleApplication1", "ConsoleApplication1\ConsoleApplication1.csproj", "{1E719A5E-F6CF-4E28-BA1F-177F06A07EF4}"
EndProject
Global
	GlobalSection(SolutionConfigurationPlatforms) = preSolution
		Debug|Any CPU = Debug|Any CPU
		Debug|Mixed Platforms = Debug|Mixed Platforms
		Debug|x86 = Debug|x86
		Release|Any CPU = Release|Any CPU
		Release|Mixed Platforms = Release|Mixed Platforms
		Release|x86 = Release|x86
	EndGlobalSection
	GlobalSection(ProjectConfigurationPlatforms) = postSolution
		{0625CB89-CC2C-45CE-8862-ECDD4A07B09E}.Debug|Any CPU.ActiveCfg = Debug|x86
		{0625CB89-CC2C-45CE-8862-ECDD4A07B09E}.Debug|Mixed Platforms.ActiveCfg = Debug|x86
		{0625CB89-CC2C-45CE-8862-ECDD4A07B09E}.Debug|Mixed Platforms.Build.0 = Debug|x86
		{0625CB89-CC2C-45CE-8862-ECDD4A07B09E}.Debug|x86.ActiveCfg = Debug|x86
		{0625CB89-CC2C-45CE-8862-ECDD4A07B09E}.Debug|x86.Build.0 = Debug|x86
		{0625CB89-CC2C-45CE-8862-ECDD4A07B09E}.Release|Any CPU.ActiveCfg = Release|x86
		{0625CB89-CC2C-45CE-8862-ECDD4A07B09E}.Release|Mixed Platforms.ActiveCfg = Release|x86
		{0625CB89-CC2C-45CE-8862-ECDD4A07B09E}.Release|Mixed Platforms.Build.0 = Release|x86
		{0625CB89-CC2C-45CE-8862-ECDD4A07B09E}.Release|x86.ActiveCfg = Release|x86
		{0625CB89-CC2C-45CE-8862-ECDD4A07B09E}.Release|x86.Build.0 = Release|x86
		{58B4D7A7-3156-4FBF-8D31-ADF59D5CE7AC}.Debug|Any CPU.ActiveCfg = Debug|Any CPU
		{58B4D7A7-3156-4FBF-8D31-ADF59D5CE7AC}.Debug|Any CPU.Build.0 = Debug|Any CPU
		{58B4D7A7-3156-4FBF-8D31-ADF59D5CE7AC}.Debug|Mixed Platforms.ActiveCfg = Debug|Any CPU
		{58B4D7A7-3156-4FBF-8D31-ADF59D5CE7AC}.Debug|Mixed Platforms.Build.0 = Debug|Any CPU
		{58B4D7A7-3156-4FBF-8D31-ADF59D5CE7AC}.Debug|x86.ActiveCfg = Debug|Any CPU
		{58B4D7A7-3156-4FBF-8D31-ADF59D5CE7AC}.Release|Any CPU.ActiveCfg = Release|Any CPU
		{58B4D7A7-3156-4FBF-8D31-ADF59D5CE7AC}.Release|Any CPU.Build.0 = Release|Any CPU
		{58B4D7A7-3156-4FBF-8D31-ADF59D5CE7AC}.Release|Mixed Platforms.ActiveCfg = Release|Any CPU
		{58B4D7A7-3156-4FBF-8D31-ADF59D5CE7AC}.Release|Mixed Platforms.Build.0 = Release|Any CPU
		{58B4D7A7-3156-4FBF-8D31-ADF59D5CE7AC}.Release|x86.ActiveCfg = Release|Any CPU
		{A7ECFA3F-CE73-4870-8ADB-E424141E3044}.Debug|Any CPU.ActiveCfg = Debug|Any CPU
		{A7ECFA3F-CE73-4870-8ADB-E424141E3044}.Debug|Any CPU.Build.0 = Debug|Any CPU
		{A7ECFA3F-CE73-4870-8ADB-E424141E3044}.Debug|Mixed Platforms.ActiveCfg = Debug|Any CPU
		{A7ECFA3F-CE73-4870-8ADB-E424141E3044}.Debug|Mixed Platforms.Build.0 = Debug|Any CPU
		{A7ECFA3F-CE73-4870-8ADB-E424141E3044}.Debug|x86.ActiveCfg = Debug|Any CPU
		{A7ECFA3F-CE73-4870-8ADB-E424141E3044}.Release|Any CPU.ActiveCfg = Release|Any CPU
		{A7ECFA3F-CE73-4870-8ADB-E424141E3044}.Release|Any CPU.Build.0 = Release|Any CPU
		{A7ECFA3F-CE73-4870-8ADB-E424141E3044}.Release|Mixed Platforms.ActiveCfg = Release|Any CPU
		{A7ECFA3F-CE73-4870-8ADB-E424141E3044}.Release|Mixed Platforms.Build.0 = Release|Any CPU
		{A7ECFA3F-CE73-4870-8ADB-E424141E3044}.Release|x86.ActiveCfg = Release|Any CPU
		{29F8A69F-A7AA-4EFB-AFF4-5049448735D2}.Debug|Any CPU.ActiveCfg = Debug|x86
		{29F8A69F-A7AA-4EFB-AFF4-5049448735D2}.Debug|Mixed Platforms.ActiveCfg = Debug|x86
		{29F8A69F-A7AA-4EFB-AFF4-5049448735D2}.Debug|Mixed Platforms.Build.0 = Debug|x86
		{29F8A69F-A7AA-4EFB-AFF4-5049448735D2}.Debug|x86.ActiveCfg = Debug|x86
		{29F8A69F-A7AA-4EFB-AFF4-5049448735D2}.Debug|x86.Build.0 = Debug|x86
		{29F8A69F-A7AA-4EFB-AFF4-5049448735D2}.Release|Any CPU.ActiveCfg = Release|x86
		{29F8A69F-A7AA-4EFB-AFF4-5049448735D2}.Release|Mixed Platforms.ActiveCfg = Release|x86
		{29F8A69F-A7AA-4EFB-AFF4-5049448735D2}.Release|Mixed Platforms.Build.0 = Release|x86
		{29F8A69F-A7AA-4EFB-AFF4-5049448735D2}.Release|x86.ActiveCfg = Release|x86
		{29F8A69F-A7AA-4EFB-AFF4-5049448735D2}.Release|x86.Build.0 = Release|x86
		{A85E912F-320D-40CF-A0A1-430266B124F4}.Debug|Any CPU.ActiveCfg = Debug|x86
		{A85E912F-320D-40CF-A0A1-430266B124F4}.Debug|Mixed Platforms.ActiveCfg = Debug|x86
		{A85E912F-320D-40CF-A0A1-430266B124F4}.Debug|Mixed Platforms.Build.0 = Debug|x86
		{A85E912F-320D-40CF-A0A1-430266B124F4}.Debug|x86.ActiveCfg = Debug|x86
		{A85E912F-320D-40CF-A0A1-430266B124F4}.Debug|x86.Build.0 = Debug|x86
		{A85E912F-320D-40CF-A0A1-430266B124F4}.Release|Any CPU.ActiveCfg = Release|x86
		{A85E912F-320D-40CF-A0A1-430266B124F4}.Release|Mixed Platforms.ActiveCfg = Release|x86
		{A85E912F-320D-40CF-A0A1-430266B124F4}.Release|Mixed Platforms.Build.0 = Release|x86
		{A85E912F-320D-40CF-A0A1-430266B124F4}.Release|x86.ActiveCfg = Release|x86
		{A85E912F-320D-40CF-A0A1-430266B124F4}.Release|x86.Build.0 = Release|x86
		{91D02029-F4FF-4D84-B953-14ECD4FC02D7}.Debug|Any CPU.ActiveCfg = Debug|x86
		{91D02029-F4FF-4D84-B953-14ECD4FC02D7}.Debug|Mixed Platforms.ActiveCfg = Debug|x86
		{91D02029-F4FF-4D84-B953-14ECD4FC02D7}.Debug|Mixed Platforms.Build.0 = Debug|x86
		{91D02029-F4FF-4D84-B953-14ECD4FC02D7}.Debug|x86.ActiveCfg = Debug|x86
		{91D02029-F4FF-4D84-B953-14ECD4FC02D7}.Debug|x86.Build.0 = Debug|x86
		{91D02029-F4FF-4D84-B953-14ECD4FC02D7}.Release|Any CPU.ActiveCfg = Release|x86
		{91D02029-F4FF-4D84-B953-14ECD4FC02D7}.Release|Mixed Platforms.ActiveCfg = Release|x86
		{91D02029-F4FF-4D84-B953-14ECD4FC02D7}.Release|Mixed Platforms.Build.0 = Release|x86
		{91D02029-F4FF-4D84-B953-14ECD4FC02D7}.Release|x86.ActiveCfg = Release|x86
		{91D02029-F4FF-4D84-B953-14ECD4FC02D7}.Release|x86.Build.0 = Release|x86
		{1E719A5E-F6CF-4E28-BA1F-177F06A07EF4}.Debug|Any CPU.ActiveCfg = Debug|x86
		{1E719A5E-F6CF-4E28-BA1F-177F06A07EF4}.Debug|Mixed Platforms.ActiveCfg = Debug|x86
		{1E719A5E-F6CF-4E28-BA1F-177F06A07EF4}.Debug|Mixed Platforms.Build.0 = Debug|x86
		{1E719A5E-F6CF-4E28-BA1F-177F06A07EF4}.Debug|x86.ActiveCfg = Debug|x86
		{1E719A5E-F6CF-4E28-BA1F-177F06A07EF4}.Debug|x86.Build.0 = Debug|x86
		{1E719A5E-F6CF-4E28-BA1F-177F06A07EF4}.Release|Any CPU.ActiveCfg = Release|x86
		{1E719A5E-F6CF-4E28-BA1F-177F06A07EF4}.Release|Mixed Platforms.ActiveCfg = Release|x86
		{1E719A5E-F6CF-4E28-BA1F-177F06A07EF4}.Release|Mixed Platforms.Build.0 = Release|x86
		{1E719A5E-F6CF-4E28-BA1F-177F06A07EF4}.Release|x86.ActiveCfg = Release|x86
		{1E719A5E-F6CF-4E28-BA1F-177F06A07EF4}.Release|x86.Build.0 = Release|x86
	EndGlobalSection
	GlobalSection(SolutionProperties) = preSolution
		HideSolutionNode = FALSE
	EndGlobalSection
EndGlobal
